// !$*UTF8*$!
{
	archiveVersion = 1;
	classes = {
	};
	objectVersion = 50;
	objects = {

/* Begin PBXBuildFile section */
		3DD2F1422166A5960036FEB2 /* AppDelegate.swift in Sources */ = {isa = PBXBuildFile; fileRef = 3DD2F1412166A5960036FEB2 /* AppDelegate.swift */; };
		3DD2F1442166A5960036FEB2 /* ViewController.swift in Sources */ = {isa = PBXBuildFile; fileRef = 3DD2F1432166A5960036FEB2 /* ViewController.swift */; };
		3DD2F1472166A5960036FEB2 /* Main.storyboard in Resources */ = {isa = PBXBuildFile; fileRef = 3DD2F1452166A5960036FEB2 /* Main.storyboard */; };
		3DD2F1492166A5970036FEB2 /* Assets.xcassets in Resources */ = {isa = PBXBuildFile; fileRef = 3DD2F1482166A5970036FEB2 /* Assets.xcassets */; };
		3DD2F14C2166A5970036FEB2 /* LaunchScreen.storyboard in Resources */ = {isa = PBXBuildFile; fileRef = 3DD2F14A2166A5970036FEB2 /* LaunchScreen.storyboard */; };
		3DD2F1572166A5970036FEB2 /* PruebaCafeTests.swift in Sources */ = {isa = PBXBuildFile; fileRef = 3DD2F1562166A5970036FEB2 /* PruebaCafeTests.swift */; };
		3DD2F1622166A5980036FEB2 /* PruebaCafeUITests.swift in Sources */ = {isa = PBXBuildFile; fileRef = 3DD2F1612166A5980036FEB2 /* PruebaCafeUITests.swift */; };
/* End PBXBuildFile section */

/* Begin PBXContainerItemProxy section */
		3DD2F1532166A5970036FEB2 /* PBXContainerItemProxy */ = {
			isa = PBXContainerItemProxy;
			containerPortal = 3DD2F1362166A5950036FEB2 /* Project object */;
			proxyType = 1;
			remoteGlobalIDString = 3DD2F13D2166A5960036FEB2;
			remoteInfo = PruebaCafe;
		};
		3DD2F15E2166A5980036FEB2 /* PBXContainerItemProxy */ = {
			isa = PBXContainerItemProxy;
			containerPortal = 3DD2F1362166A5950036FEB2 /* Project object */;
			proxyType = 1;
			remoteGlobalIDString = 3DD2F13D2166A5960036FEB2;
			remoteInfo = PruebaCafe;
		};
/* End PBXContainerItemProxy section */

/* Begin PBXFileReference section */
		3DD2F13E2166A5960036FEB2 /* PruebaCafe.app */ = {isa = PBXFileReference; explicitFileType = wrapper.application; includeInIndex = 0; path = PruebaCafe.app; sourceTree = BUILT_PRODUCTS_DIR; };
		3DD2F1412166A5960036FEB2 /* AppDelegate.swift */ = {isa = PBXFileReference; lastKnownFileType = sourcecode.swift; path = AppDelegate.swift; sourceTree = "<group>"; };
		3DD2F1432166A5960036FEB2 /* ViewController.swift */ = {isa = PBXFileReference; lastKnownFileType = sourcecode.swift; path = ViewController.swift; sourceTree = "<group>"; };
		3DD2F1462166A5960036FEB2 /* Base */ = {isa = PBXFileReference; lastKnownFileType = file.storyboard; name = Base; path = Base.lproj/Main.storyboard; sourceTree = "<group>"; };
		3DD2F1482166A5970036FEB2 /* Assets.xcassets */ = {isa = PBXFileReference; lastKnownFileType = folder.assetcatalog; path = Assets.xcassets; sourceTree = "<group>"; };
		3DD2F14B2166A5970036FEB2 /* Base */ = {isa = PBXFileReference; lastKnownFileType = file.storyboard; name = Base; path = Base.lproj/LaunchScreen.storyboard; sourceTree = "<group>"; };
		3DD2F14D2166A5970036FEB2 /* Info.plist */ = {isa = PBXFileReference; lastKnownFileType = text.plist.xml; path = Info.plist; sourceTree = "<group>"; };
		3DD2F1522166A5970036FEB2 /* PruebaCafeTests.xctest */ = {isa = PBXFileReference; explicitFileType = wrapper.cfbundle; includeInIndex = 0; path = PruebaCafeTests.xctest; sourceTree = BUILT_PRODUCTS_DIR; };
		3DD2F1562166A5970036FEB2 /* PruebaCafeTests.swift */ = {isa = PBXFileReference; lastKnownFileType = sourcecode.swift; path = PruebaCafeTests.swift; sourceTree = "<group>"; };
		3DD2F1582166A5970036FEB2 /* Info.plist */ = {isa = PBXFileReference; lastKnownFileType = text.plist.xml; path = Info.plist; sourceTree = "<group>"; };
		3DD2F15D2166A5980036FEB2 /* PruebaCafeUITests.xctest */ = {isa = PBXFileReference; explicitFileType = wrapper.cfbundle; includeInIndex = 0; path = PruebaCafeUITests.xctest; sourceTree = BUILT_PRODUCTS_DIR; };
		3DD2F1612166A5980036FEB2 /* PruebaCafeUITests.swift */ = {isa = PBXFileReference; lastKnownFileType = sourcecode.swift; path = PruebaCafeUITests.swift; sourceTree = "<group>"; };
		3DD2F1632166A5980036FEB2 /* Info.plist */ = {isa = PBXFileReference; lastKnownFileType = text.plist.xml; path = Info.plist; sourceTree = "<group>"; };
/* End PBXFileReference section */

/* Begin PBXFrameworksBuildPhase section */
		3DD2F13B2166A5960036FEB2 /* Frameworks */ = {
			isa = PBXFrameworksBuildPhase;
			buildActionMask = 2147483647;
			files = (
			);
			runOnlyForDeploymentPostprocessing = 0;
		};
		3DD2F14F2166A5970036FEB2 /* Frameworks */ = {
			isa = PBXFrameworksBuildPhase;
			buildActionMask = 2147483647;
			files = (
			);
			runOnlyForDeploymentPostprocessing = 0;
		};
		3DD2F15A2166A5980036FEB2 /* Frameworks */ = {
			isa = PBXFrameworksBuildPhase;
			buildActionMask = 2147483647;
			files = (
			);
			runOnlyForDeploymentPostprocessing = 0;
		};
/* End PBXFrameworksBuildPhase section */

/* Begin PBXGroup section */
		3DD2F1352166A5950036FEB2 = {
			isa = PBXGroup;
			children = (
				3DD2F1402166A5960036FEB2 /* PruebaCafe */,
				3DD2F1552166A5970036FEB2 /* PruebaCafeTests */,
				3DD2F1602166A5980036FEB2 /* PruebaCafeUITests */,
				3DD2F13F2166A5960036FEB2 /* Products */,
			);
			sourceTree = "<group>";
		};
		3DD2F13F2166A5960036FEB2 /* Products */ = {
			isa = PBXGroup;
			children = (
				3DD2F13E2166A5960036FEB2 /* PruebaCafe.app */,
				3DD2F1522166A5970036FEB2 /* PruebaCafeTests.xctest */,
				3DD2F15D2166A5980036FEB2 /* PruebaCafeUITests.xctest */,
			);
			name = Products;
			sourceTree = "<group>";
		};
		3DD2F1402166A5960036FEB2 /* PruebaCafe */ = {
			isa = PBXGroup;
			children = (
				3DD2F1412166A5960036FEB2 /* AppDelegate.swift */,
				3DD2F1432166A5960036FEB2 /* ViewController.swift */,
				3DD2F1452166A5960036FEB2 /* Main.storyboard */,
				3DD2F1482166A5970036FEB2 /* Assets.xcassets */,
				3DD2F14A2166A5970036FEB2 /* LaunchScreen.storyboard */,
				3DD2F14D2166A5970036FEB2 /* Info.plist */,
			);
			path = PruebaCafe;
			sourceTree = "<group>";
		};
		3DD2F1552166A5970036FEB2 /* PruebaCafeTests */ = {
			isa = PBXGroup;
			children = (
				3DD2F1562166A5970036FEB2 /* PruebaCafeTests.swift */,
				3DD2F1582166A5970036FEB2 /* Info.plist */,
			);
			path = PruebaCafeTests;
			sourceTree = "<group>";
		};
		3DD2F1602166A5980036FEB2 /* PruebaCafeUITests */ = {
			isa = PBXGroup;
			children = (
				3DD2F1612166A5980036FEB2 /* PruebaCafeUITests.swift */,
				3DD2F1632166A5980036FEB2 /* Info.plist */,
			);
			path = PruebaCafeUITests;
			sourceTree = "<group>";
		};
/* End PBXGroup section */

/* Begin PBXNativeTarget section */
		3DD2F13D2166A5960036FEB2 /* PruebaCafe */ = {
			isa = PBXNativeTarget;
			buildConfigurationList = 3DD2F1662166A5980036FEB2 /* Build configuration list for PBXNativeTarget "PruebaCafe" */;
			buildPhases = (
				3DD2F13A2166A5960036FEB2 /* Sources */,
				3DD2F13B2166A5960036FEB2 /* Frameworks */,
				3DD2F13C2166A5960036FEB2 /* Resources */,
			);
			buildRules = (
			);
			dependencies = (
			);
			name = PruebaCafe;
			productName = PruebaCafe;
			productReference = 3DD2F13E2166A5960036FEB2 /* PruebaCafe.app */;
			productType = "com.apple.product-type.application";
		};
		3DD2F1512166A5970036FEB2 /* PruebaCafeTests */ = {
			isa = PBXNativeTarget;
			buildConfigurationList = 3DD2F1692166A5980036FEB2 /* Build configuration list for PBXNativeTarget "PruebaCafeTests" */;
			buildPhases = (
				3DD2F14E2166A5970036FEB2 /* Sources */,
				3DD2F14F2166A5970036FEB2 /* Frameworks */,
				3DD2F1502166A5970036FEB2 /* Resources */,
			);
			buildRules = (
			);
			dependencies = (
				3DD2F1542166A5970036FEB2 /* PBXTargetDependency */,
			);
			name = PruebaCafeTests;
			productName = PruebaCafeTests;
			productReference = 3DD2F1522166A5970036FEB2 /* PruebaCafeTests.xctest */;
			productType = "com.apple.product-type.bundle.unit-test";
		};
		3DD2F15C2166A5980036FEB2 /* PruebaCafeUITests */ = {
			isa = PBXNativeTarget;
			buildConfigurationList = 3DD2F16C2166A5980036FEB2 /* Build configuration list for PBXNativeTarget "PruebaCafeUITests" */;
			buildPhases = (
				3DD2F1592166A5980036FEB2 /* Sources */,
				3DD2F15A2166A5980036FEB2 /* Frameworks */,
				3DD2F15B2166A5980036FEB2 /* Resources */,
			);
			buildRules = (
			);
			dependencies = (
				3DD2F15F2166A5980036FEB2 /* PBXTargetDependency */,
			);
			name = PruebaCafeUITests;
			productName = PruebaCafeUITests;
			productReference = 3DD2F15D2166A5980036FEB2 /* PruebaCafeUITests.xctest */;
			productType = "com.apple.product-type.bundle.ui-testing";
		};
/* End PBXNativeTarget section */

/* Begin PBXProject section */
		3DD2F1362166A5950036FEB2 /* Project object */ = {
			isa = PBXProject;
			attributes = {
				LastSwiftUpdateCheck = 0940;
				LastUpgradeCheck = 0940;
				ORGANIZATIONNAME = David;
				TargetAttributes = {
					3DD2F13D2166A5960036FEB2 = {
						CreatedOnToolsVersion = 9.4.1;
					};
					3DD2F1512166A5970036FEB2 = {
						CreatedOnToolsVersion = 9.4.1;
						TestTargetID = 3DD2F13D2166A5960036FEB2;
					};
					3DD2F15C2166A5980036FEB2 = {
						CreatedOnToolsVersion = 9.4.1;
						TestTargetID = 3DD2F13D2166A5960036FEB2;
					};
				};
			};
			buildConfigurationList = 3DD2F1392166A5950036FEB2 /* Build configuration list for PBXProject "PruebaCafe" */;
			compatibilityVersion = "Xcode 9.3";
			developmentRegion = en;
			hasScannedForEncodings = 0;
			knownRegions = (
				en,
				Base,
			);
			mainGroup = 3DD2F1352166A5950036FEB2;
			productRefGroup = 3DD2F13F2166A5960036FEB2 /* Products */;
			projectDirPath = "";
			projectRoot = "";
			targets = (
				3DD2F13D2166A5960036FEB2 /* PruebaCafe */,
				3DD2F1512166A5970036FEB2 /* PruebaCafeTests */,
				3DD2F15C2166A5980036FEB2 /* PruebaCafeUITests */,
			);
		};
/* End PBXProject section */

/* Begin PBXResourcesBuildPhase section */
		3DD2F13C2166A5960036FEB2 /* Resources */ = {
			isa = PBXResourcesBuildPhase;
			buildActionMask = 2147483647;
			files = (
				3DD2F14C2166A5970036FEB2 /* LaunchScreen.storyboard in Resources */,
				3DD2F1492166A5970036FEB2 /* Assets.xcassets in Resources */,
				3DD2F1472166A5960036FEB2 /* Main.storyboard in Resources */,
			);
			runOnlyForDeploymentPostprocessing = 0;
		};
		3DD2F1502166A5970036FEB2 /* Resources */ = {
			isa = PBXResourcesBuildPhase;
			buildActionMask = 2147483647;
			files = (
			);
			runOnlyForDeploymentPostprocessing = 0;
		};
		3DD2F15B2166A5980036FEB2 /* Resources */ = {
			isa = PBXResourcesBuildPhase;
			buildActionMask = 2147483647;
			files = (
			);
			runOnlyForDeploymentPostprocessing = 0;
		};
/* End PBXResourcesBuildPhase section */

/* Begin PBXSourcesBuildPhase section */
		3DD2F13A2166A5960036FEB2 /* Sources */ = {
			isa = PBXSourcesBuildPhase;
			buildActionMask = 2147483647;
			files = (
				3DD2F1442166A5960036FEB2 /* ViewController.swift in Sources */,
				3DD2F1422166A5960036FEB2 /* AppDelegate.swift in Sources */,
			);
			runOnlyForDeploymentPostprocessing = 0;
		};
		3DD2F14E2166A5970036FEB2 /* Sources */ = {
			isa = PBXSourcesBuildPhase;
			buildActionMask = 2147483647;
			files = (
				3DD2F1572166A5970036FEB2 /* PruebaCafeTests.swift in Sources */,
			);
			runOnlyForDeploymentPostprocessing = 0;
		};
		3DD2F1592166A5980036FEB2 /* Sources */ = {
			isa = PBXSourcesBuildPhase;
			buildActionMask = 2147483647;
			files = (
				3DD2F1622166A5980036FEB2 /* PruebaCafeUITests.swift in Sources */,
			);
			runOnlyForDeploymentPostprocessing = 0;
		};
/* End PBXSourcesBuildPhase section */

/* Begin PBXTargetDependency section */
		3DD2F1542166A5970036FEB2 /* PBXTargetDependency */ = {
			isa = PBXTargetDependency;
			target = 3DD2F13D2166A5960036FEB2 /* PruebaCafe */;
			targetProxy = 3DD2F1532166A5970036FEB2 /* PBXContainerItemProxy */;
		};
		3DD2F15F2166A5980036FEB2 /* PBXTargetDependency */ = {
			isa = PBXTargetDependency;
			target = 3DD2F13D2166A5960036FEB2 /* PruebaCafe */;
			targetProxy = 3DD2F15E2166A5980036FEB2 /* PBXContainerItemProxy */;
		};
/* End PBXTargetDependency section */

/* Begin PBXVariantGroup section */
		3DD2F1452166A5960036FEB2 /* Main.storyboard */ = {
			isa = PBXVariantGroup;
			children = (
				3DD2F1462166A5960036FEB2 /* Base */,
			);
			name = Main.storyboard;
			sourceTree = "<group>";
		};
		3DD2F14A2166A5970036FEB2 /* LaunchScreen.storyboard */ = {
			isa = PBXVariantGroup;
			children = (
				3DD2F14B2166A5970036FEB2 /* Base */,
			);
			name = LaunchScreen.storyboard;
			sourceTree = "<group>";
		};
/* End PBXVariantGroup section */

/* Begin XCBuildConfiguration section */
		3DD2F1642166A5980036FEB2 /* Debug */ = {
			isa = XCBuildConfiguration;
			buildSettings = {
				ALWAYS_SEARCH_USER_PATHS = NO;
				CLANG_ANALYZER_NONNULL = YES;
				CLANG_ANALYZER_NUMBER_OBJECT_CONVERSION = YES_AGGRESSIVE;
				CLANG_CXX_LANGUAGE_STANDARD = "gnu++14";
				CLANG_CXX_LIBRARY = "libc++";
				CLANG_ENABLE_MODULES = YES;
				CLANG_ENABLE_OBJC_ARC = YES;
				CLANG_ENABLE_OBJC_WEAK = YES;
				CLANG_WARN_BLOCK_CAPTURE_AUTORELEASING = YES;
				CLANG_WARN_BOOL_CONVERSION = YES;
				CLANG_WARN_COMMA = YES;
				CLANG_WARN_CONSTANT_CONVERSION = YES;
				CLANG_WARN_DEPRECATED_OBJC_IMPLEMENTATIONS = YES;
				CLANG_WARN_DIRECT_OBJC_ISA_USAGE = YES_ERROR;
				CLANG_WARN_DOCUMENTATION_COMMENTS = YES;
				CLANG_WARN_EMPTY_BODY = YES;
				CLANG_WARN_ENUM_CONVERSION = YES;
				CLANG_WARN_INFINITE_RECURSION = YES;
				CLANG_WARN_INT_CONVERSION = YES;
				CLANG_WARN_NON_LITERAL_NULL_CONVERSION = YES;
				CLANG_WARN_OBJC_IMPLICIT_RETAIN_SELF = YES;
				CLANG_WARN_OBJC_LITERAL_CONVERSION = YES;
				CLANG_WARN_OBJC_ROOT_CLASS = YES_ERROR;
				CLANG_WARN_RANGE_LOOP_ANALYSIS = YES;
				CLANG_WARN_STRICT_PROTOTYPES = YES;
				CLANG_WARN_SUSPICIOUS_MOVE = YES;
				CLANG_WARN_UNGUARDED_AVAILABILITY = YES_AGGRESSIVE;
				CLANG_WARN_UNREACHABLE_CODE = YES;
				CLANG_WARN__DUPLICATE_METHOD_MATCH = YES;
				CODE_SIGN_IDENTITY = "iPhone Developer";
				COPY_PHASE_STRIP = NO;
				DEBUG_INFORMATION_FORMAT = dwarf;
				ENABLE_STRICT_OBJC_MSGSEND = YES;
				ENABLE_TESTABILITY = YES;
				GCC_C_LANGUAGE_STANDARD = gnu11;
				GCC_DYNAMIC_NO_PIC = NO;
				GCC_NO_COMMON_BLOCKS = YES;
				GCC_OPTIMIZATION_LEVEL = 0;
				GCC_PREPROCESSOR_DEFINITIONS = (
					"DEBUG=1",
					"$(inherited)",
				);
				GCC_WARN_64_TO_32_BIT_CONVERSION = YES;
				GCC_WARN_ABOUT_RETURN_TYPE = YES_ERROR;
				GCC_WARN_UNDECLARED_SELECTOR = YES;
				GCC_WARN_UNINITIALIZED_AUTOS = YES_AGGRESSIVE;
				GCC_WARN_UNUSED_FUNCTION = YES;
				GCC_WARN_UNUSED_VARIABLE = YES;
				IPHONEOS_DEPLOYMENT_TARGET = 11.4;
				MTL_ENABLE_DEBUG_INFO = YES;
				ONLY_ACTIVE_ARCH = YES;
				SDKROOT = iphoneos;
				SWIFT_ACTIVE_COMPILATION_CONDITIONS = DEBUG;
				SWIFT_OPTIMIZATION_LEVEL = "-Onone";
			};
			name = Debug;
		};
		3DD2F1652166A5980036FEB2 /* Release */ = {
			isa = XCBuildConfiguration;
			buildSettings = {
				ALWAYS_SEARCH_USER_PATHS = NO;
				CLANG_ANALYZER_NONNULL = YES;
				CLANG_ANALYZER_NUMBER_OBJECT_CONVERSION = YES_AGGRESSIVE;
				CLANG_CXX_LANGUAGE_STANDARD = "gnu++14";
				CLANG_CXX_LIBRARY = "libc++";
				CLANG_ENABLE_MODULES = YES;
				CLANG_ENABLE_OBJC_ARC = YES;
				CLANG_ENABLE_OBJC_WEAK = YES;
				CLANG_WARN_BLOCK_CAPTURE_AUTORELEASING = YES;
				CLANG_WARN_BOOL_CONVERSION = YES;
				CLANG_WARN_COMMA = YES;
				CLANG_WARN_CONSTANT_CONVERSION = YES;
				CLANG_WARN_DEPRECATED_OBJC_IMPLEMENTATIONS = YES;
				CLANG_WARN_DIRECT_OBJC_ISA_USAGE = YES_ERROR;
				CLANG_WARN_DOCUMENTATION_COMMENTS = YES;
				CLANG_WARN_EMPTY_BODY = YES;
				CLANG_WARN_ENUM_CONVERSION = YES;
				CLANG_WARN_INFINITE_RECURSION = YES;
				CLANG_WARN_INT_CONVERSION = YES;
				CLANG_WARN_NON_LITERAL_NULL_CONVERSION = YES;
				CLANG_WARN_OBJC_IMPLICIT_RETAIN_SELF = YES;
				CLANG_WARN_OBJC_LITERAL_CONVERSION = YES;
				CLANG_WARN_OBJC_ROOT_CLASS = YES_ERROR;
				CLANG_WARN_RANGE_LOOP_ANALYSIS = YES;
				CLANG_WARN_STRICT_PROTOTYPES = YES;
				CLANG_WARN_SUSPICIOUS_MOVE = YES;
				CLANG_WARN_UNGUARDED_AVAILABILITY = YES_AGGRESSIVE;
				CLANG_WARN_UNREACHABLE_CODE = YES;
				CLANG_WARN__DUPLICATE_METHOD_MATCH = YES;
				CODE_SIGN_IDENTITY = "iPhone Developer";
				COPY_PHASE_STRIP = NO;
				DEBUG_INFORMATION_FORMAT = "dwarf-with-dsym";
				ENABLE_NS_ASSERTIONS = NO;
				ENABLE_STRICT_OBJC_MSGSEND = YES;
				GCC_C_LANGUAGE_STANDARD = gnu11;
				GCC_NO_COMMON_BLOCKS = YES;
				GCC_WARN_64_TO_32_BIT_CONVERSION = YES;
				GCC_WARN_ABOUT_RETURN_TYPE = YES_ERROR;
				GCC_WARN_UNDECLARED_SELECTOR = YES;
				GCC_WARN_UNINITIALIZED_AUTOS = YES_AGGRESSIVE;
				GCC_WARN_UNUSED_FUNCTION = YES;
				GCC_WARN_UNUSED_VARIABLE = YES;
				IPHONEOS_DEPLOYMENT_TARGET = 11.4;
				MTL_ENABLE_DEBUG_INFO = NO;
				SDKROOT = iphoneos;
				SWIFT_COMPILATION_MODE = wholemodule;
				SWIFT_OPTIMIZATION_LEVEL = "-O";
				VALIDATE_PRODUCT = YES;
			};
			name = Release;
		};
		3DD2F1672166A5980036FEB2 /* Debug */ = {
			isa = XCBuildConfiguration;
			buildSettings = {
				ASSETCATALOG_COMPILER_APPICON_NAME = AppIcon;
				CODE_SIGN_STYLE = Automatic;
				INFOPLIST_FILE = PruebaCafe/Info.plist;
				LD_RUNPATH_SEARCH_PATHS = (
					"$(inherited)",
					"@executable_path/Frameworks",
				);
				PRODUCT_BUNDLE_IDENTIFIER = edu.ulsa.PruebaCafe;
				PRODUCT_NAME = "$(TARGET_NAME)";
				SWIFT_VERSION = 4.0;
				TARGETED_DEVICE_FAMILY = "1,2";
			};
			name = Debug;
		};
		3DD2F1682166A5980036FEB2 /* Release */ = {
			isa = XCBuildConfiguration;
			buildSettings = {
				ASSETCATALOG_COMPILER_APPICON_NAME = AppIcon;
				CODE_SIGN_STYLE = Automatic;
				INFOPLIST_FILE = PruebaCafe/Info.plist;
				LD_RUNPATH_SEARCH_PATHS = (
					"$(inherited)",
					"@executable_path/Frameworks",
				);
				PRODUCT_BUNDLE_IDENTIFIER = edu.ulsa.PruebaCafe;
				PRODUCT_NAME = "$(TARGET_NAME)";
				SWIFT_VERSION = 4.0;
				TARGETED_DEVICE_FAMILY = "1,2";
			};
			name = Release;
		};
		3DD2F16A2166A5980036FEB2 /* Debug */ = {
			isa = XCBuildConfiguration;
			buildSettings = {
				ALWAYS_EMBED_SWIFT_STANDARD_LIBRARIES = YES;
				BUNDLE_LOADER = "$(TEST_HOST)";
				CODE_SIGN_STYLE = Automatic;
				INFOPLIST_FILE = PruebaCafeTests/Info.plist;
				LD_RUNPATH_SEARCH_PATHS = (
					"$(inherited)",
					"@executable_path/Frameworks",
					"@loader_path/Frameworks",
				);
				PRODUCT_BUNDLE_IDENTIFIER = edu.ulsa.PruebaCafeTests;
				PRODUCT_NAME = "$(TARGET_NAME)";
				SWIFT_VERSION = 4.0;
				TARGETED_DEVICE_FAMILY = "1,2";
				TEST_HOST = "$(BUILT_PRODUCTS_DIR)/PruebaCafe.app/PruebaCafe";
			};
			name = Debug;
		};
		3DD2F16B2166A5980036FEB2 /* Release */ = {
			isa = XCBuildConfiguration;
			buildSettings = {
				ALWAYS_EMBED_SWIFT_STANDARD_LIBRARIES = YES;
				BUNDLE_LOADER = "$(TEST_HOST)";
				CODE_SIGN_STYLE = Automatic;
				INFOPLIST_FILE = PruebaCafeTests/Info.plist;
				LD_RUNPATH_SEARCH_PATHS = (
					"$(inherited)",
					"@executable_path/Frameworks",
					"@loader_path/Frameworks",
				);
				PRODUCT_BUNDLE_IDENTIFIER = edu.ulsa.PruebaCafeTests;
				PRODUCT_NAME = "$(TARGET_NAME)";
				SWIFT_VERSION = 4.0;
				TARGETED_DEVICE_FAMILY = "1,2";
				TEST_HOST = "$(BUILT_PRODUCTS_DIR)/PruebaCafe.app/PruebaCafe";
			};
			name = Release;
		};
		3DD2F16D2166A5980036FEB2 /* Debug */ = {
			isa = XCBuildConfiguration;
			buildSettings = {
				ALWAYS_EMBED_SWIFT_STANDARD_LIBRARIES = YES;
				CODE_SIGN_STYLE = Automatic;
				INFOPLIST_FILE = PruebaCafeUITests/Info.plist;
				LD_RUNPATH_SEARCH_PATHS = (
					"$(inherited)",
					"@executable_path/Frameworks",
					"@loader_path/Frameworks",
				);
				PRODUCT_BUNDLE_IDENTIFIER = edu.ulsa.PruebaCafeUITests;
				PRODUCT_NAME = "$(TARGET_NAME)";
				SWIFT_VERSION = 4.0;
				TARGETED_DEVICE_FAMILY = "1,2";
				TEST_TARGET_NAME = PruebaCafe;
			};
			name = Debug;
		};
		3DD2F16E2166A5980036FEB2 /* Release */ = {
			isa = XCBuildConfiguration;
			buildSettings = {
				ALWAYS_EMBED_SWIFT_STANDARD_LIBRARIES = YES;
				CODE_SIGN_STYLE = Automatic;
				INFOPLIST_FILE = PruebaCafeUITests/Info.plist;
				LD_RUNPATH_SEARCH_PATHS = (
					"$(inherited)",
					"@executable_path/Frameworks",
					"@loader_path/Frameworks",
				);
				PRODUCT_BUNDLE_IDENTIFIER = edu.ulsa.PruebaCafeUITests;
				PRODUCT_NAME = "$(TARGET_NAME)";
				SWIFT_VERSION = 4.0;
				TARGETED_DEVICE_FAMILY = "1,2";
				TEST_TARGET_NAME = PruebaCafe;
			};
			name = Release;
		};
/* End XCBuildConfiguration section */

/* Begin XCConfigurationList section */
		3DD2F1392166A5950036FEB2 /* Build configuration list for PBXProject "PruebaCafe" */ = {
			isa = XCConfigurationList;
			buildConfigurations = (
				3DD2F1642166A5980036FEB2 /* Debug */,
				3DD2F1652166A5980036FEB2 /* Release */,
			);
			defaultConfigurationIsVisible = 0;
			defaultConfigurationName = Release;
		};
		3DD2F1662166A5980036FEB2 /* Build configuration list for PBXNativeTarget "PruebaCafe" */ = {
			isa = XCConfigurationList;
			buildConfigurations = (
				3DD2F1672166A5980036FEB2 /* Debug */,
				3DD2F1682166A5980036FEB2 /* Release */,
			);
			defaultConfigurationIsVisible = 0;
			defaultConfigurationName = Release;
		};
		3DD2F1692166A5980036FEB2 /* Build configuration list for PBXNativeTarget "PruebaCafeTests" */ = {
			isa = XCConfigurationList;
			buildConfigurations = (
				3DD2F16A2166A5980036FEB2 /* Debug */,
				3DD2F16B2166A5980036FEB2 /* Release */,
			);
			defaultConfigurationIsVisible = 0;
			defaultConfigurationName = Release;
		};
		3DD2F16C2166A5980036FEB2 /* Build configuration list for PBXNativeTarget "PruebaCafeUITests" */ = {
			isa = XCConfigurationList;
			buildConfigurations = (
				3DD2F16D2166A5980036FEB2 /* Debug */,
				3DD2F16E2166A5980036FEB2 /* Release */,
			);
			defaultConfigurationIsVisible = 0;
			defaultConfigurationName = Release;
		};
/* End XCConfigurationList section */
	};
	rootObject = 3DD2F1362166A5950036FEB2 /* Project object */;
}
